
Microsoft Visual Studio Solution File, Format Version 12.00
# Visual Studio 2012
Project("{FAE04EC0-301F-11D3-BF4B-00C04F79EFBC}") = "Phonebook.Tests", "Phonebook.Tests\Phonebook.Tests.csproj", "{FB29295E-2DA4-4C0D-A0B0-4186B4B40FA4}"
EndProject
Project("{FAE04EC0-301F-11D3-BF4B-00C04F79EFBC}") = "Phonebook", "Phonebook\Phonebook.csproj", "{D60D857E-37F2-4205-BAB5-EE3C4B7B1911}"
EndProject
Project("{2150E333-8FDC-42A3-9474-1A3956D46DE8}") = "Solution Items", "Solution Items", "{7E512EFF-20B1-4E87-85C1-564D2AC756FC}"
	ProjectSection(SolutionItems) = preProject
		Performance1.psess = Performance1.psess
	EndProjectSection
EndProject
Global
	GlobalSection(SolutionConfigurationPlatforms) = preSolution
		Debug|Any CPU = Debug|Any CPU
		Release|Any CPU = Release|Any CPU
	EndGlobalSection
	GlobalSection(ProjectConfigurationPlatforms) = postSolution
		{FB29295E-2DA4-4C0D-A0B0-4186B4B40FA4}.Debug|Any CPU.ActiveCfg = Debug|Any CPU
		{FB29295E-2DA4-4C0D-A0B0-4186B4B40FA4}.Debug|Any CPU.Build.0 = Debug|Any CPU
		{FB29295E-2DA4-4C0D-A0B0-4186B4B40FA4}.Release|Any CPU.ActiveCfg = Release|Any CPU
		{FB29295E-2DA4-4C0D-A0B0-4186B4B40FA4}.Release|Any CPU.Build.0 = Release|Any CPU
		{D60D857E-37F2-4205-BAB5-EE3C4B7B1911}.Debug|Any CPU.ActiveCfg = Debug|Any CPU
		{D60D857E-37F2-4205-BAB5-EE3C4B7B1911}.Debug|Any CPU.Build.0 = Debug|Any CPU
		{D60D857E-37F2-4205-BAB5-EE3C4B7B1911}.Release|Any CPU.ActiveCfg = Release|Any CPU
		{D60D857E-37F2-4205-BAB5-EE3C4B7B1911}.Release|Any CPU.Build.0 = Release|Any CPU
	EndGlobalSection
	GlobalSection(SolutionProperties) = preSolution
		HideSolutionNode = FALSE
	EndGlobalSection
	GlobalSection(Performance) = preSolution
		HasPerformanceSessions = true
	EndGlobalSection
EndGlobal
