
Microsoft Visual Studio Solution File, Format Version 12.00
# Visual Studio 2012
Project("{FAE04EC0-301F-11D3-BF4B-00C04F79EFBC}") = "Problem01FighterAttack", "Problem01FighterAttack\Problem01FighterAttack.csproj", "{C4511D30-326E-43DD-8ACB-B63F58976270}"
EndProject
Project("{FAE04EC0-301F-11D3-BF4B-00C04F79EFBC}") = "Problem02AstrologicalDigits", "Problem02AstrologicalDigits\Problem02AstrologicalDigits.csproj", "{B8EA3718-F49C-4084-A11B-3313535741A3}"
EndProject
Project("{FAE04EC0-301F-11D3-BF4B-00C04F79EFBC}") = "Problem03SandGlass", "Problem03SandGlass\Problem03SandGlass.csproj", "{EF969EB1-4A07-47E0-BF57-D92A6AA68D33}"
EndProject
Project("{FAE04EC0-301F-11D3-BF4B-00C04F79EFBC}") = "Problem04DancingBits", "Problem04DancingBits\Problem04DancingBits.csproj", "{A5A50FE0-C1DD-4986-9E24-662C6BCA19AA}"
EndProject
Global
	GlobalSection(SolutionConfigurationPlatforms) = preSolution
		Debug|Any CPU = Debug|Any CPU
		Release|Any CPU = Release|Any CPU
	EndGlobalSection
	GlobalSection(ProjectConfigurationPlatforms) = postSolution
		{C4511D30-326E-43DD-8ACB-B63F58976270}.Debug|Any CPU.ActiveCfg = Debug|Any CPU
		{C4511D30-326E-43DD-8ACB-B63F58976270}.Debug|Any CPU.Build.0 = Debug|Any CPU
		{C4511D30-326E-43DD-8ACB-B63F58976270}.Release|Any CPU.ActiveCfg = Release|Any CPU
		{C4511D30-326E-43DD-8ACB-B63F58976270}.Release|Any CPU.Build.0 = Release|Any CPU
		{B8EA3718-F49C-4084-A11B-3313535741A3}.Debug|Any CPU.ActiveCfg = Debug|Any CPU
		{B8EA3718-F49C-4084-A11B-3313535741A3}.Debug|Any CPU.Build.0 = Debug|Any CPU
		{B8EA3718-F49C-4084-A11B-3313535741A3}.Release|Any CPU.ActiveCfg = Release|Any CPU
		{B8EA3718-F49C-4084-A11B-3313535741A3}.Release|Any CPU.Build.0 = Release|Any CPU
		{EF969EB1-4A07-47E0-BF57-D92A6AA68D33}.Debug|Any CPU.ActiveCfg = Debug|Any CPU
		{EF969EB1-4A07-47E0-BF57-D92A6AA68D33}.Debug|Any CPU.Build.0 = Debug|Any CPU
		{EF969EB1-4A07-47E0-BF57-D92A6AA68D33}.Release|Any CPU.ActiveCfg = Release|Any CPU
		{EF969EB1-4A07-47E0-BF57-D92A6AA68D33}.Release|Any CPU.Build.0 = Release|Any CPU
		{A5A50FE0-C1DD-4986-9E24-662C6BCA19AA}.Debug|Any CPU.ActiveCfg = Debug|Any CPU
		{A5A50FE0-C1DD-4986-9E24-662C6BCA19AA}.Debug|Any CPU.Build.0 = Debug|Any CPU
		{A5A50FE0-C1DD-4986-9E24-662C6BCA19AA}.Release|Any CPU.ActiveCfg = Release|Any CPU
		{A5A50FE0-C1DD-4986-9E24-662C6BCA19AA}.Release|Any CPU.Build.0 = Release|Any CPU
	EndGlobalSection
	GlobalSection(SolutionProperties) = preSolution
		HideSolutionNode = FALSE
	EndGlobalSection
EndGlobal
