
Microsoft Visual Studio Solution File, Format Version 12.00
# Visual Studio 2012
Project("{FAE04EC0-301F-11D3-BF4B-00C04F79EFBC}") = "E01ExtendStringBuilder", "E01ExtendStringBuilder\E01ExtendStringBuilder.csproj", "{63447889-BE7F-4739-AD55-5309F7735B58}"
EndProject
Project("{FAE04EC0-301F-11D3-BF4B-00C04F79EFBC}") = "E02ExtendIEnumerableT", "E02ExtendIEnumerableT\E02ExtendIEnumerableT.csproj", "{81F28299-D082-4EBA-BCFD-8DAB01EAC603}"
EndProject
Project("{FAE04EC0-301F-11D3-BF4B-00C04F79EFBC}") = "E03FindStudents", "E03FindStudents\E03FindStudents.csproj", "{5EA53119-A246-49C9-9F6D-175F00107481}"
EndProject
Project("{FAE04EC0-301F-11D3-BF4B-00C04F79EFBC}") = "E04FindStudentsAge", "E04FindStudentsAge\E04FindStudentsAge.csproj", "{4A6076D7-741D-4F66-883F-8DA5FCDFF6C9}"
EndProject
Project("{FAE04EC0-301F-11D3-BF4B-00C04F79EFBC}") = "E05FindStudentsOrder", "E05FindStudentsOrder\E05FindStudentsOrder.csproj", "{7DF874BA-8E85-43F0-87FC-DB62FCA58013}"
EndProject
Project("{FAE04EC0-301F-11D3-BF4B-00C04F79EFBC}") = "E06DivisibleBy7And3", "E06DivisibleBy7And3\E06DivisibleBy7And3.csproj", "{731FD7DE-6383-4710-B837-3FABF196B10D}"
EndProject
Project("{FAE04EC0-301F-11D3-BF4B-00C04F79EFBC}") = "E07TimerWidthDelegates", "E07TimerWidthDelegates\E07TimerWidthDelegates.csproj", "{6A6F1834-8E65-4776-A674-0F8A530FA198}"
EndProject
Project("{FAE04EC0-301F-11D3-BF4B-00C04F79EFBC}") = "E08EventInCSharp", "E08EventInCSharp\E08EventInCSharp.csproj", "{025A7308-7B8D-4382-BC62-B11CB9607E7B}"
EndProject
Project("{FAE04EC0-301F-11D3-BF4B-00C04F79EFBC}") = "E09StudentsInfo", "E09StudentsInfo\E09StudentsInfo.csproj", "{A7C37463-B304-4A8C-879C-F9F8EF84692C}"
EndProject
Project("{FAE04EC0-301F-11D3-BF4B-00C04F79EFBC}") = "E10Homework", "E10Homework\E10Homework.csproj", "{F514D29C-1E76-4D31-81E4-1D9B91CEBE9D}"
EndProject
Project("{FAE04EC0-301F-11D3-BF4B-00C04F79EFBC}") = "E11Homework", "E11Homework\E11Homework.csproj", "{32C58831-FF0A-403E-9371-30A78D0CB142}"
EndProject
Project("{FAE04EC0-301F-11D3-BF4B-00C04F79EFBC}") = "E12Homework", "E12Homework\E12Homework.csproj", "{7408F355-A784-49C9-A9CF-B734AA623173}"
EndProject
Project("{FAE04EC0-301F-11D3-BF4B-00C04F79EFBC}") = "E13Homework", "E13Homework\E13Homework.csproj", "{620CD553-DC2A-42B3-A8B4-B1C2F0DD577B}"
EndProject
Project("{FAE04EC0-301F-11D3-BF4B-00C04F79EFBC}") = "E14Homework", "E14Homework\E14Homework.csproj", "{09346BC8-A85A-45D5-8651-18ED04D540EC}"
EndProject
Project("{FAE04EC0-301F-11D3-BF4B-00C04F79EFBC}") = "E15Homework", "E15Homework\E15Homework.csproj", "{06A2E51E-C696-4808-B249-D1157AC7A543}"
EndProject
Project("{FAE04EC0-301F-11D3-BF4B-00C04F79EFBC}") = "E16Homework", "E16Homework\E16Homework.csproj", "{E94E7508-194F-44B9-8D89-939CFC729610}"
EndProject
Project("{FAE04EC0-301F-11D3-BF4B-00C04F79EFBC}") = "E17StringOfStrings", "E17StringOfStrings\E17StringOfStrings.csproj", "{80281A39-3C56-4978-9D96-10FAEECF5AFB}"
EndProject
Project("{FAE04EC0-301F-11D3-BF4B-00C04F79EFBC}") = "E18GroupedByGroupNameLINQ", "E18GroupedByGroupNameLINQ\E18GroupedByGroupNameLINQ.csproj", "{ED802D90-A391-40B9-B90D-08DECDEA77FF}"
EndProject
Project("{FAE04EC0-301F-11D3-BF4B-00C04F79EFBC}") = "E19ByGroupNameUseExtension", "E19ByGroupNameUseExtension\E19ByGroupNameUseExtension.csproj", "{8C8D2992-BC08-43CD-8717-E108B9CA37A9}"
EndProject
Global
	GlobalSection(SolutionConfigurationPlatforms) = preSolution
		Debug|Any CPU = Debug|Any CPU
		Release|Any CPU = Release|Any CPU
	EndGlobalSection
	GlobalSection(ProjectConfigurationPlatforms) = postSolution
		{63447889-BE7F-4739-AD55-5309F7735B58}.Debug|Any CPU.ActiveCfg = Debug|Any CPU
		{63447889-BE7F-4739-AD55-5309F7735B58}.Debug|Any CPU.Build.0 = Debug|Any CPU
		{63447889-BE7F-4739-AD55-5309F7735B58}.Release|Any CPU.ActiveCfg = Release|Any CPU
		{63447889-BE7F-4739-AD55-5309F7735B58}.Release|Any CPU.Build.0 = Release|Any CPU
		{81F28299-D082-4EBA-BCFD-8DAB01EAC603}.Debug|Any CPU.ActiveCfg = Debug|Any CPU
		{81F28299-D082-4EBA-BCFD-8DAB01EAC603}.Debug|Any CPU.Build.0 = Debug|Any CPU
		{81F28299-D082-4EBA-BCFD-8DAB01EAC603}.Release|Any CPU.ActiveCfg = Release|Any CPU
		{81F28299-D082-4EBA-BCFD-8DAB01EAC603}.Release|Any CPU.Build.0 = Release|Any CPU
		{5EA53119-A246-49C9-9F6D-175F00107481}.Debug|Any CPU.ActiveCfg = Debug|Any CPU
		{5EA53119-A246-49C9-9F6D-175F00107481}.Debug|Any CPU.Build.0 = Debug|Any CPU
		{5EA53119-A246-49C9-9F6D-175F00107481}.Release|Any CPU.ActiveCfg = Release|Any CPU
		{5EA53119-A246-49C9-9F6D-175F00107481}.Release|Any CPU.Build.0 = Release|Any CPU
		{4A6076D7-741D-4F66-883F-8DA5FCDFF6C9}.Debug|Any CPU.ActiveCfg = Debug|Any CPU
		{4A6076D7-741D-4F66-883F-8DA5FCDFF6C9}.Debug|Any CPU.Build.0 = Debug|Any CPU
		{4A6076D7-741D-4F66-883F-8DA5FCDFF6C9}.Release|Any CPU.ActiveCfg = Release|Any CPU
		{4A6076D7-741D-4F66-883F-8DA5FCDFF6C9}.Release|Any CPU.Build.0 = Release|Any CPU
		{7DF874BA-8E85-43F0-87FC-DB62FCA58013}.Debug|Any CPU.ActiveCfg = Debug|Any CPU
		{7DF874BA-8E85-43F0-87FC-DB62FCA58013}.Debug|Any CPU.Build.0 = Debug|Any CPU
		{7DF874BA-8E85-43F0-87FC-DB62FCA58013}.Release|Any CPU.ActiveCfg = Release|Any CPU
		{7DF874BA-8E85-43F0-87FC-DB62FCA58013}.Release|Any CPU.Build.0 = Release|Any CPU
		{731FD7DE-6383-4710-B837-3FABF196B10D}.Debug|Any CPU.ActiveCfg = Debug|Any CPU
		{731FD7DE-6383-4710-B837-3FABF196B10D}.Debug|Any CPU.Build.0 = Debug|Any CPU
		{731FD7DE-6383-4710-B837-3FABF196B10D}.Release|Any CPU.ActiveCfg = Release|Any CPU
		{731FD7DE-6383-4710-B837-3FABF196B10D}.Release|Any CPU.Build.0 = Release|Any CPU
		{6A6F1834-8E65-4776-A674-0F8A530FA198}.Debug|Any CPU.ActiveCfg = Debug|Any CPU
		{6A6F1834-8E65-4776-A674-0F8A530FA198}.Debug|Any CPU.Build.0 = Debug|Any CPU
		{6A6F1834-8E65-4776-A674-0F8A530FA198}.Release|Any CPU.ActiveCfg = Release|Any CPU
		{6A6F1834-8E65-4776-A674-0F8A530FA198}.Release|Any CPU.Build.0 = Release|Any CPU
		{025A7308-7B8D-4382-BC62-B11CB9607E7B}.Debug|Any CPU.ActiveCfg = Debug|Any CPU
		{025A7308-7B8D-4382-BC62-B11CB9607E7B}.Debug|Any CPU.Build.0 = Debug|Any CPU
		{025A7308-7B8D-4382-BC62-B11CB9607E7B}.Release|Any CPU.ActiveCfg = Release|Any CPU
		{025A7308-7B8D-4382-BC62-B11CB9607E7B}.Release|Any CPU.Build.0 = Release|Any CPU
		{A7C37463-B304-4A8C-879C-F9F8EF84692C}.Debug|Any CPU.ActiveCfg = Debug|Any CPU
		{A7C37463-B304-4A8C-879C-F9F8EF84692C}.Debug|Any CPU.Build.0 = Debug|Any CPU
		{A7C37463-B304-4A8C-879C-F9F8EF84692C}.Release|Any CPU.ActiveCfg = Release|Any CPU
		{A7C37463-B304-4A8C-879C-F9F8EF84692C}.Release|Any CPU.Build.0 = Release|Any CPU
		{F514D29C-1E76-4D31-81E4-1D9B91CEBE9D}.Debug|Any CPU.ActiveCfg = Debug|Any CPU
		{F514D29C-1E76-4D31-81E4-1D9B91CEBE9D}.Debug|Any CPU.Build.0 = Debug|Any CPU
		{F514D29C-1E76-4D31-81E4-1D9B91CEBE9D}.Release|Any CPU.ActiveCfg = Release|Any CPU
		{F514D29C-1E76-4D31-81E4-1D9B91CEBE9D}.Release|Any CPU.Build.0 = Release|Any CPU
		{32C58831-FF0A-403E-9371-30A78D0CB142}.Debug|Any CPU.ActiveCfg = Debug|Any CPU
		{32C58831-FF0A-403E-9371-30A78D0CB142}.Debug|Any CPU.Build.0 = Debug|Any CPU
		{32C58831-FF0A-403E-9371-30A78D0CB142}.Release|Any CPU.ActiveCfg = Release|Any CPU
		{32C58831-FF0A-403E-9371-30A78D0CB142}.Release|Any CPU.Build.0 = Release|Any CPU
		{7408F355-A784-49C9-A9CF-B734AA623173}.Debug|Any CPU.ActiveCfg = Debug|Any CPU
		{7408F355-A784-49C9-A9CF-B734AA623173}.Debug|Any CPU.Build.0 = Debug|Any CPU
		{7408F355-A784-49C9-A9CF-B734AA623173}.Release|Any CPU.ActiveCfg = Release|Any CPU
		{7408F355-A784-49C9-A9CF-B734AA623173}.Release|Any CPU.Build.0 = Release|Any CPU
		{620CD553-DC2A-42B3-A8B4-B1C2F0DD577B}.Debug|Any CPU.ActiveCfg = Debug|Any CPU
		{620CD553-DC2A-42B3-A8B4-B1C2F0DD577B}.Debug|Any CPU.Build.0 = Debug|Any CPU
		{620CD553-DC2A-42B3-A8B4-B1C2F0DD577B}.Release|Any CPU.ActiveCfg = Release|Any CPU
		{620CD553-DC2A-42B3-A8B4-B1C2F0DD577B}.Release|Any CPU.Build.0 = Release|Any CPU
		{09346BC8-A85A-45D5-8651-18ED04D540EC}.Debug|Any CPU.ActiveCfg = Debug|Any CPU
		{09346BC8-A85A-45D5-8651-18ED04D540EC}.Debug|Any CPU.Build.0 = Debug|Any CPU
		{09346BC8-A85A-45D5-8651-18ED04D540EC}.Release|Any CPU.ActiveCfg = Release|Any CPU
		{09346BC8-A85A-45D5-8651-18ED04D540EC}.Release|Any CPU.Build.0 = Release|Any CPU
		{06A2E51E-C696-4808-B249-D1157AC7A543}.Debug|Any CPU.ActiveCfg = Debug|Any CPU
		{06A2E51E-C696-4808-B249-D1157AC7A543}.Debug|Any CPU.Build.0 = Debug|Any CPU
		{06A2E51E-C696-4808-B249-D1157AC7A543}.Release|Any CPU.ActiveCfg = Release|Any CPU
		{06A2E51E-C696-4808-B249-D1157AC7A543}.Release|Any CPU.Build.0 = Release|Any CPU
		{E94E7508-194F-44B9-8D89-939CFC729610}.Debug|Any CPU.ActiveCfg = Debug|Any CPU
		{E94E7508-194F-44B9-8D89-939CFC729610}.Debug|Any CPU.Build.0 = Debug|Any CPU
		{E94E7508-194F-44B9-8D89-939CFC729610}.Release|Any CPU.ActiveCfg = Release|Any CPU
		{E94E7508-194F-44B9-8D89-939CFC729610}.Release|Any CPU.Build.0 = Release|Any CPU
		{80281A39-3C56-4978-9D96-10FAEECF5AFB}.Debug|Any CPU.ActiveCfg = Debug|Any CPU
		{80281A39-3C56-4978-9D96-10FAEECF5AFB}.Debug|Any CPU.Build.0 = Debug|Any CPU
		{80281A39-3C56-4978-9D96-10FAEECF5AFB}.Release|Any CPU.ActiveCfg = Release|Any CPU
		{80281A39-3C56-4978-9D96-10FAEECF5AFB}.Release|Any CPU.Build.0 = Release|Any CPU
		{ED802D90-A391-40B9-B90D-08DECDEA77FF}.Debug|Any CPU.ActiveCfg = Debug|Any CPU
		{ED802D90-A391-40B9-B90D-08DECDEA77FF}.Debug|Any CPU.Build.0 = Debug|Any CPU
		{ED802D90-A391-40B9-B90D-08DECDEA77FF}.Release|Any CPU.ActiveCfg = Release|Any CPU
		{ED802D90-A391-40B9-B90D-08DECDEA77FF}.Release|Any CPU.Build.0 = Release|Any CPU
		{8C8D2992-BC08-43CD-8717-E108B9CA37A9}.Debug|Any CPU.ActiveCfg = Debug|Any CPU
		{8C8D2992-BC08-43CD-8717-E108B9CA37A9}.Debug|Any CPU.Build.0 = Debug|Any CPU
		{8C8D2992-BC08-43CD-8717-E108B9CA37A9}.Release|Any CPU.ActiveCfg = Release|Any CPU
		{8C8D2992-BC08-43CD-8717-E108B9CA37A9}.Release|Any CPU.Build.0 = Release|Any CPU
	EndGlobalSection
	GlobalSection(SolutionProperties) = preSolution
		HideSolutionNode = FALSE
	EndGlobalSection
EndGlobal
