
Microsoft Visual Studio Solution File, Format Version 12.00
# Visual Studio 2012
Project("{FAE04EC0-301F-11D3-BF4B-00C04F79EFBC}") = "E1FillsAndPrintsMatrix", "E1FillsAndPrintsMatrix\E1FillsAndPrintsMatrix.csproj", "{CAB0C361-F42D-4A7B-9EFA-86D875DA5F7F}"
EndProject
Project("{FAE04EC0-301F-11D3-BF4B-00C04F79EFBC}") = "E2Square3x3WithMaxSum", "E2Square3x3WithMaxSum\E2Square3x3WithMaxSum.csproj", "{B025731F-897B-44B2-9A24-4A62789507EC}"
EndProject
Project("{FAE04EC0-301F-11D3-BF4B-00C04F79EFBC}") = "E3SequenceOfEqualStrings", "E3SequenceOfEqualStrings\E3SequenceOfEqualStrings.csproj", "{149BF0C6-46CC-4829-BEA3-2F219B099038}"
EndProject
Project("{FAE04EC0-301F-11D3-BF4B-00C04F79EFBC}") = "E4LargestNumberSmallerThanK", "E4LargestNumberSmallerThanK\E4LargestNumberSmallerThanK.csproj", "{CB83D487-5AD8-4AF6-8F54-CF3274DBC125}"
EndProject
Project("{FAE04EC0-301F-11D3-BF4B-00C04F79EFBC}") = "E5SortArrayByLengthOfElement", "E5SortArrayByLengthOfElement\E5SortArrayByLengthOfElement.csproj", "{80B5BF0D-32B0-44CD-AF8A-59551CAF1250}"
EndProject
Project("{FAE04EC0-301F-11D3-BF4B-00C04F79EFBC}") = "E6MatrixClass", "E6MatrixClass\E6MatrixClass.csproj", "{DEC28126-E859-489E-AE6C-F1CB02ADE211}"
EndProject
Project("{FAE04EC0-301F-11D3-BF4B-00C04F79EFBC}") = "E7EqualNeighborElements", "E7EqualNeighborElements\E7EqualNeighborElements.csproj", "{0FAAAF73-4A6C-440A-B42D-FE8A1CAA8764}"
EndProject
Global
	GlobalSection(SolutionConfigurationPlatforms) = preSolution
		Debug|Any CPU = Debug|Any CPU
		Release|Any CPU = Release|Any CPU
	EndGlobalSection
	GlobalSection(ProjectConfigurationPlatforms) = postSolution
		{CAB0C361-F42D-4A7B-9EFA-86D875DA5F7F}.Debug|Any CPU.ActiveCfg = Debug|Any CPU
		{CAB0C361-F42D-4A7B-9EFA-86D875DA5F7F}.Debug|Any CPU.Build.0 = Debug|Any CPU
		{CAB0C361-F42D-4A7B-9EFA-86D875DA5F7F}.Release|Any CPU.ActiveCfg = Release|Any CPU
		{CAB0C361-F42D-4A7B-9EFA-86D875DA5F7F}.Release|Any CPU.Build.0 = Release|Any CPU
		{B025731F-897B-44B2-9A24-4A62789507EC}.Debug|Any CPU.ActiveCfg = Debug|Any CPU
		{B025731F-897B-44B2-9A24-4A62789507EC}.Debug|Any CPU.Build.0 = Debug|Any CPU
		{B025731F-897B-44B2-9A24-4A62789507EC}.Release|Any CPU.ActiveCfg = Release|Any CPU
		{B025731F-897B-44B2-9A24-4A62789507EC}.Release|Any CPU.Build.0 = Release|Any CPU
		{149BF0C6-46CC-4829-BEA3-2F219B099038}.Debug|Any CPU.ActiveCfg = Debug|Any CPU
		{149BF0C6-46CC-4829-BEA3-2F219B099038}.Debug|Any CPU.Build.0 = Debug|Any CPU
		{149BF0C6-46CC-4829-BEA3-2F219B099038}.Release|Any CPU.ActiveCfg = Release|Any CPU
		{149BF0C6-46CC-4829-BEA3-2F219B099038}.Release|Any CPU.Build.0 = Release|Any CPU
		{CB83D487-5AD8-4AF6-8F54-CF3274DBC125}.Debug|Any CPU.ActiveCfg = Debug|Any CPU
		{CB83D487-5AD8-4AF6-8F54-CF3274DBC125}.Debug|Any CPU.Build.0 = Debug|Any CPU
		{CB83D487-5AD8-4AF6-8F54-CF3274DBC125}.Release|Any CPU.ActiveCfg = Release|Any CPU
		{CB83D487-5AD8-4AF6-8F54-CF3274DBC125}.Release|Any CPU.Build.0 = Release|Any CPU
		{80B5BF0D-32B0-44CD-AF8A-59551CAF1250}.Debug|Any CPU.ActiveCfg = Debug|Any CPU
		{80B5BF0D-32B0-44CD-AF8A-59551CAF1250}.Debug|Any CPU.Build.0 = Debug|Any CPU
		{80B5BF0D-32B0-44CD-AF8A-59551CAF1250}.Release|Any CPU.ActiveCfg = Release|Any CPU
		{80B5BF0D-32B0-44CD-AF8A-59551CAF1250}.Release|Any CPU.Build.0 = Release|Any CPU
		{DEC28126-E859-489E-AE6C-F1CB02ADE211}.Debug|Any CPU.ActiveCfg = Debug|Any CPU
		{DEC28126-E859-489E-AE6C-F1CB02ADE211}.Debug|Any CPU.Build.0 = Debug|Any CPU
		{DEC28126-E859-489E-AE6C-F1CB02ADE211}.Release|Any CPU.ActiveCfg = Release|Any CPU
		{DEC28126-E859-489E-AE6C-F1CB02ADE211}.Release|Any CPU.Build.0 = Release|Any CPU
		{0FAAAF73-4A6C-440A-B42D-FE8A1CAA8764}.Debug|Any CPU.ActiveCfg = Debug|Any CPU
		{0FAAAF73-4A6C-440A-B42D-FE8A1CAA8764}.Debug|Any CPU.Build.0 = Debug|Any CPU
		{0FAAAF73-4A6C-440A-B42D-FE8A1CAA8764}.Release|Any CPU.ActiveCfg = Release|Any CPU
		{0FAAAF73-4A6C-440A-B42D-FE8A1CAA8764}.Release|Any CPU.Build.0 = Release|Any CPU
	EndGlobalSection
	GlobalSection(SolutionProperties) = preSolution
		HideSolutionNode = FALSE
	EndGlobalSection
EndGlobal
